{
  "requires": true,
  "lockfileVersion": 1,
  "dependencies": {
    "select2": {
      "version": "4.0.8",
      "resolved": "https://registry.npmjs.org/select2/-/select2-4.0.8.tgz",
      "integrity": "sha512-H/I2mq71oiEe51S74hdUv4QubH1EJNLEMnjfQucftLa8GiuT5+RKIHwlV/7I/YUqZg0wsYQM946eFG/ntRPF/Q=="
    },
    "select2-bootstrap-theme": {
      "version": "0.1.0-beta.10",
      "resolved": "https://registry.npmjs.org/select2-bootstrap-theme/-/select2-bootstrap-theme-0.1.0-beta.10.tgz",
      "integrity": "sha1-uUJuz8A79KI152oTI3dXQxBGmsA="
    }
  }
}
